
Microsoft Visual Studio Solution File, Format Version 12.00
# Visual Studio Version 17
VisualStudioVersion = 17.9.34723.18
MinimumVisualStudioVersion = 10.0.40219.1
Project("{FAE04EC0-301F-11D3-BF4B-00C04F79EFBC}") = "Black Jack", "Black Jack.csproj", "{A9C75DF7-0947-4D62-8696-76688CEC7A74}"
EndProject
Global
	GlobalSection(SolutionConfigurationPlatforms) = preSolution
		Debug|Any CPU = Debug|Any CPU
		Release|Any CPU = Release|Any CPU
	EndGlobalSection
	GlobalSection(ProjectConfigurationPlatforms) = postSolution
		{A9C75DF7-0947-4D62-8696-76688CEC7A74}.Debug|Any CPU.ActiveCfg = Debug|Any CPU
		{A9C75DF7-0947-4D62-8696-76688CEC7A74}.Debug|Any CPU.Build.0 = Debug|Any CPU
		{A9C75DF7-0947-4D62-8696-76688CEC7A74}.Release|Any CPU.ActiveCfg = Release|Any CPU
		{A9C75DF7-0947-4D62-8696-76688CEC7A74}.Release|Any CPU.Build.0 = Release|Any CPU
	EndGlobalSection
	GlobalSection(SolutionProperties) = preSolution
		HideSolutionNode = FALSE
	EndGlobalSection
	GlobalSection(ExtensibilityGlobals) = postSolution
		SolutionGuid = {5C487D14-A7D2-4A23-8195-E2C396296E70}
	EndGlobalSection
EndGlobal
