
Microsoft Visual Studio Solution File, Format Version 12.00
# Visual Studio Version 17
VisualStudioVersion = 17.9.34728.123
MinimumVisualStudioVersion = 10.0.40219.1
Project("{FAE04EC0-301F-11D3-BF4B-00C04F79EFBC}") = "Projekt 3 inna wersja", "Projekt 3 inna wersja.csproj", "{B67C920F-17EA-4E15-8967-FC7FD3D26711}"
EndProject
Global
	GlobalSection(SolutionConfigurationPlatforms) = preSolution
		Debug|Any CPU = Debug|Any CPU
		Release|Any CPU = Release|Any CPU
	EndGlobalSection
	GlobalSection(ProjectConfigurationPlatforms) = postSolution
		{B67C920F-17EA-4E15-8967-FC7FD3D26711}.Debug|Any CPU.ActiveCfg = Debug|Any CPU
		{B67C920F-17EA-4E15-8967-FC7FD3D26711}.Debug|Any CPU.Build.0 = Debug|Any CPU
		{B67C920F-17EA-4E15-8967-FC7FD3D26711}.Release|Any CPU.ActiveCfg = Release|Any CPU
		{B67C920F-17EA-4E15-8967-FC7FD3D26711}.Release|Any CPU.Build.0 = Release|Any CPU
	EndGlobalSection
	GlobalSection(SolutionProperties) = preSolution
		HideSolutionNode = FALSE
	EndGlobalSection
	GlobalSection(ExtensibilityGlobals) = postSolution
		SolutionGuid = {7FC88360-0B7E-4E8D-93B7-BE505284F0AC}
	EndGlobalSection
EndGlobal
