
Microsoft Visual Studio Solution File, Format Version 12.00
# Visual Studio Version 17
VisualStudioVersion = 17.9.34728.123
MinimumVisualStudioVersion = 10.0.40219.1
Project("{FAE04EC0-301F-11D3-BF4B-00C04F79EFBC}") = "Projekt 3 Linia produkcyjna", "Projekt 3 Linia produkcyjna.csproj", "{C574BE3C-AF40-4609-AEDD-CBDD66183FA9}"
EndProject
Global
	GlobalSection(SolutionConfigurationPlatforms) = preSolution
		Debug|Any CPU = Debug|Any CPU
		Release|Any CPU = Release|Any CPU
	EndGlobalSection
	GlobalSection(ProjectConfigurationPlatforms) = postSolution
		{C574BE3C-AF40-4609-AEDD-CBDD66183FA9}.Debug|Any CPU.ActiveCfg = Debug|Any CPU
		{C574BE3C-AF40-4609-AEDD-CBDD66183FA9}.Debug|Any CPU.Build.0 = Debug|Any CPU
		{C574BE3C-AF40-4609-AEDD-CBDD66183FA9}.Release|Any CPU.ActiveCfg = Release|Any CPU
		{C574BE3C-AF40-4609-AEDD-CBDD66183FA9}.Release|Any CPU.Build.0 = Release|Any CPU
	EndGlobalSection
	GlobalSection(SolutionProperties) = preSolution
		HideSolutionNode = FALSE
	EndGlobalSection
	GlobalSection(ExtensibilityGlobals) = postSolution
		SolutionGuid = {4DF1EAFA-34CF-4B0F-AA00-C19D96CEAB4F}
	EndGlobalSection
EndGlobal
